
Microsoft Visual Studio Solution File, Format Version 12.00
Project("{FAE04EC0-301F-11D3-BF4B-00C04F79EFBC}") = "TextMatrix", "TextMatrix.csproj", "{BAFC2F88-6122-4279-9591-90EA36011B99}"
EndProject
Global
	GlobalSection(SolutionConfigurationPlatforms) = preSolution
		Debug|Any CPU = Debug|Any CPU
		Release|Any CPU = Release|Any CPU
	EndGlobalSection
	GlobalSection(ProjectConfigurationPlatforms) = postSolution
		{BAFC2F88-6122-4279-9591-90EA36011B99}.Debug|Any CPU.ActiveCfg = Debug|Any CPU
		{BAFC2F88-6122-4279-9591-90EA36011B99}.Debug|Any CPU.Build.0 = Debug|Any CPU
		{BAFC2F88-6122-4279-9591-90EA36011B99}.Release|Any CPU.ActiveCfg = Release|Any CPU
		{BAFC2F88-6122-4279-9591-90EA36011B99}.Release|Any CPU.Build.0 = Release|Any CPU
	EndGlobalSection
EndGlobal
