Microsoft Visual Studio Solution File, Format Version 12.00
# Visual Studio Version 17
VisualStudioVersion = 17.5.2.0
MinimumVisualStudioVersion = 10.0.40219.1
Project("{FAE04EC0-301F-11D3-BF4B-00C04F79EFBC}") = "SpectreConsole", "SpectreConsole.csproj", "{07F92BFC-DC2E-2DA7-DDBC-43AC441A7830}"
EndProject
Global
	GlobalSection(SolutionConfigurationPlatforms) = preSolution
		Debug|Any CPU = Debug|Any CPU
		Release|Any CPU = Release|Any CPU
	EndGlobalSection
	GlobalSection(ProjectConfigurationPlatforms) = postSolution
		{07F92BFC-DC2E-2DA7-DDBC-43AC441A7830}.Debug|Any CPU.ActiveCfg = Debug|Any CPU
		{07F92BFC-DC2E-2DA7-DDBC-43AC441A7830}.Debug|Any CPU.Build.0 = Debug|Any CPU
		{07F92BFC-DC2E-2DA7-DDBC-43AC441A7830}.Release|Any CPU.ActiveCfg = Release|Any CPU
		{07F92BFC-DC2E-2DA7-DDBC-43AC441A7830}.Release|Any CPU.Build.0 = Release|Any CPU
	EndGlobalSection
	GlobalSection(SolutionProperties) = preSolution
		HideSolutionNode = FALSE
	EndGlobalSection
	GlobalSection(ExtensibilityGlobals) = postSolution
		SolutionGuid = {D47CCDF6-1F86-478F-AEFC-B678D9F2B50B}
	EndGlobalSection
EndGlobal
